
Microsoft Visual Studio Solution File, Format Version 12.00
# Visual Studio 15
VisualStudioVersion = 15.0.27703.2035
MinimumVisualStudioVersion = 10.0.40219.1
Project("{FAE04EC0-301F-11D3-BF4B-00C04F79EFBC}") = "Restaurante.DAL", "Restaurante.DAL\Restaurante.DAL.csproj", "{EEB1B6FE-18D0-4315-999C-106806A75D04}"
EndProject
Project("{FAE04EC0-301F-11D3-BF4B-00C04F79EFBC}") = "Restaurante.BS", "Restaurante.BS\Restaurante.BS.csproj", "{B51CAF40-6F09-41A9-8F81-D685511A8D8E}"
EndProject
Project("{FAE04EC0-301F-11D3-BF4B-00C04F79EFBC}") = "Restaurante.UI", "Restaurante.UI\Restaurante.UI.csproj", "{50E303CF-F84C-4D9C-BE98-8B268DE39EC2}"
EndProject
Global
	GlobalSection(SolutionConfigurationPlatforms) = preSolution
		Debug|Any CPU = Debug|Any CPU
		Release|Any CPU = Release|Any CPU
	EndGlobalSection
	GlobalSection(ProjectConfigurationPlatforms) = postSolution
		{EEB1B6FE-18D0-4315-999C-106806A75D04}.Debug|Any CPU.ActiveCfg = Debug|Any CPU
		{EEB1B6FE-18D0-4315-999C-106806A75D04}.Debug|Any CPU.Build.0 = Debug|Any CPU
		{EEB1B6FE-18D0-4315-999C-106806A75D04}.Release|Any CPU.ActiveCfg = Release|Any CPU
		{EEB1B6FE-18D0-4315-999C-106806A75D04}.Release|Any CPU.Build.0 = Release|Any CPU
		{B51CAF40-6F09-41A9-8F81-D685511A8D8E}.Debug|Any CPU.ActiveCfg = Debug|Any CPU
		{B51CAF40-6F09-41A9-8F81-D685511A8D8E}.Debug|Any CPU.Build.0 = Debug|Any CPU
		{B51CAF40-6F09-41A9-8F81-D685511A8D8E}.Release|Any CPU.ActiveCfg = Release|Any CPU
		{B51CAF40-6F09-41A9-8F81-D685511A8D8E}.Release|Any CPU.Build.0 = Release|Any CPU
		{50E303CF-F84C-4D9C-BE98-8B268DE39EC2}.Debug|Any CPU.ActiveCfg = Debug|Any CPU
		{50E303CF-F84C-4D9C-BE98-8B268DE39EC2}.Debug|Any CPU.Build.0 = Debug|Any CPU
		{50E303CF-F84C-4D9C-BE98-8B268DE39EC2}.Release|Any CPU.ActiveCfg = Release|Any CPU
		{50E303CF-F84C-4D9C-BE98-8B268DE39EC2}.Release|Any CPU.Build.0 = Release|Any CPU
	EndGlobalSection
	GlobalSection(SolutionProperties) = preSolution
		HideSolutionNode = FALSE
	EndGlobalSection
	GlobalSection(ExtensibilityGlobals) = postSolution
		SolutionGuid = {B14C35BB-63C1-4E2C-BF62-BED4BD0BF967}
	EndGlobalSection
EndGlobal
